// !$*UTF8*$!
{
	archiveVersion = 1;
	classes = {
	};
	objectVersion = 50;
	objects = {

/* Begin PBXBuildFile section */
		ED09032F213B8BF40062A1DF /* AppDelegate.swift in Sources */ = {isa = PBXBuildFile; fileRef = ED09032E213B8BF40062A1DF /* AppDelegate.swift */; };
		ED090331213B8BF40062A1DF /* ViewController.swift in Sources */ = {isa = PBXBuildFile; fileRef = ED090330213B8BF40062A1DF /* ViewController.swift */; };
		ED090334213B8BF40062A1DF /* Main.storyboard in Resources */ = {isa = PBXBuildFile; fileRef = ED090332213B8BF40062A1DF /* Main.storyboard */; };
		ED090337213B8BF40062A1DF /* PushTextview.xcdatamodeld in Sources */ = {isa = PBXBuildFile; fileRef = ED090335213B8BF40062A1DF /* PushTextview.xcdatamodeld */; };
		ED090339213B8BF70062A1DF /* Assets.xcassets in Resources */ = {isa = PBXBuildFile; fileRef = ED090338213B8BF70062A1DF /* Assets.xcassets */; };
		ED09033C213B8BF70062A1DF /* LaunchScreen.storyboard in Resources */ = {isa = PBXBuildFile; fileRef = ED09033A213B8BF70062A1DF /* LaunchScreen.storyboard */; };
/* End PBXBuildFile section */

/* Begin PBXFileReference section */
		ED09032B213B8BF40062A1DF /* PushTextview.app */ = {isa = PBXFileReference; explicitFileType = wrapper.application; includeInIndex = 0; path = PushTextview.app; sourceTree = BUILT_PRODUCTS_DIR; };
		ED09032E213B8BF40062A1DF /* AppDelegate.swift */ = {isa = PBXFileReference; lastKnownFileType = sourcecode.swift; path = AppDelegate.swift; sourceTree = "<group>"; };
		ED090330213B8BF40062A1DF /* ViewController.swift */ = {isa = PBXFileReference; lastKnownFileType = sourcecode.swift; path = ViewController.swift; sourceTree = "<group>"; };
		ED090333213B8BF40062A1DF /* Base */ = {isa = PBXFileReference; lastKnownFileType = file.storyboard; name = Base; path = Base.lproj/Main.storyboard; sourceTree = "<group>"; };
		ED090336213B8BF40062A1DF /* PushTextview.xcdatamodel */ = {isa = PBXFileReference; lastKnownFileType = wrapper.xcdatamodel; path = PushTextview.xcdatamodel; sourceTree = "<group>"; };
		ED090338213B8BF70062A1DF /* Assets.xcassets */ = {isa = PBXFileReference; lastKnownFileType = folder.assetcatalog; path = Assets.xcassets; sourceTree = "<group>"; };
		ED09033B213B8BF70062A1DF /* Base */ = {isa = PBXFileReference; lastKnownFileType = file.storyboard; name = Base; path = Base.lproj/LaunchScreen.storyboard; sourceTree = "<group>"; };
		ED09033D213B8BF70062A1DF /* Info.plist */ = {isa = PBXFileReference; lastKnownFileType = text.plist.xml; path = Info.plist; sourceTree = "<group>"; };
/* End PBXFileReference section */

/* Begin PBXFrameworksBuildPhase section */
		ED090328213B8BF40062A1DF /* Frameworks */ = {
			isa = PBXFrameworksBuildPhase;
			buildActionMask = 2147483647;
			files = (
			);
			runOnlyForDeploymentPostprocessing = 0;
		};
/* End PBXFrameworksBuildPhase section */

/* Begin PBXGroup section */
		ED090322213B8BF40062A1DF = {
			isa = PBXGroup;
			children = (
				ED09032D213B8BF40062A1DF /* PushTextview */,
				ED09032C213B8BF40062A1DF /* Products */,
			);
			sourceTree = "<group>";
		};
		ED09032C213B8BF40062A1DF /* Products */ = {
			isa = PBXGroup;
			children = (
				ED09032B213B8BF40062A1DF /* PushTextview.app */,
			);
			name = Products;
			sourceTree = "<group>";
		};
		ED09032D213B8BF40062A1DF /* PushTextview */ = {
			isa = PBXGroup;
			children = (
				ED09032E213B8BF40062A1DF /* AppDelegate.swift */,
				ED090330213B8BF40062A1DF /* ViewController.swift */,
				ED090332213B8BF40062A1DF /* Main.storyboard */,
				ED090338213B8BF70062A1DF /* Assets.xcassets */,
				ED09033A213B8BF70062A1DF /* LaunchScreen.storyboard */,
				ED09033D213B8BF70062A1DF /* Info.plist */,
				ED090335213B8BF40062A1DF /* PushTextview.xcdatamodeld */,
			);
			path = PushTextview;
			sourceTree = "<group>";
		};
/* End PBXGroup section */

/* Begin PBXNativeTarget section */
		ED09032A213B8BF40062A1DF /* PushTextview */ = {
			isa = PBXNativeTarget;
			buildConfigurationList = ED090340213B8BF70062A1DF /* Build configuration list for PBXNativeTarget "PushTextview" */;
			buildPhases = (
				ED090327213B8BF40062A1DF /* Sources */,
				ED090328213B8BF40062A1DF /* Frameworks */,
				ED090329213B8BF40062A1DF /* Resources */,
			);
			buildRules = (
			);
			dependencies = (
			);
			name = PushTextview;
			productName = PushTextview;
			productReference = ED09032B213B8BF40062A1DF /* PushTextview.app */;
			productType = "com.apple.product-type.application";
		};
/* End PBXNativeTarget section */

/* Begin PBXProject section */
		ED090323213B8BF40062A1DF /* Project object */ = {
			isa = PBXProject;
			attributes = {
				LastSwiftUpdateCheck = 0940;
				LastUpgradeCheck = 0940;
				ORGANIZATIONNAME = "Neftali Samarey";
				TargetAttributes = {
					ED09032A213B8BF40062A1DF = {
						CreatedOnToolsVersion = 9.4.1;
					};
				};
			};
			buildConfigurationList = ED090326213B8BF40062A1DF /* Build configuration list for PBXProject "PushTextview" */;
			compatibilityVersion = "Xcode 9.3";
			developmentRegion = en;
			hasScannedForEncodings = 0;
			knownRegions = (
				en,
				Base,
			);
			mainGroup = ED090322213B8BF40062A1DF;
			productRefGroup = ED09032C213B8BF40062A1DF /* Products */;
			projectDirPath = "";
			projectRoot = "";
			targets = (
				ED09032A213B8BF40062A1DF /* PushTextview */,
			);
		};
/* End PBXProject section */

/* Begin PBXResourcesBuildPhase section */
		ED090329213B8BF40062A1DF /* Resources */ = {
			isa = PBXResourcesBuildPhase;
			buildActionMask = 2147483647;
			files = (
				ED09033C213B8BF70062A1DF /* LaunchScreen.storyboard in Resources */,
				ED090339213B8BF70062A1DF /* Assets.xcassets in Resources */,
				ED090334213B8BF40062A1DF /* Main.storyboard in Resources */,
			);
			runOnlyForDeploymentPostprocessing = 0;
		};
/* End PBXResourcesBuildPhase section */

/* Begin PBXSourcesBuildPhase section */
		ED090327213B8BF40062A1DF /* Sources */ = {
			isa = PBXSourcesBuildPhase;
			buildActionMask = 2147483647;
			files = (
				ED090331213B8BF40062A1DF /* ViewController.swift in Sources */,
				ED09032F213B8BF40062A1DF /* AppDelegate.swift in Sources */,
				ED090337213B8BF40062A1DF /* PushTextview.xcdatamodeld in Sources */,
			);
			runOnlyForDeploymentPostprocessing = 0;
		};
/* End PBXSourcesBuildPhase section */

/* Begin PBXVariantGroup section */
		ED090332213B8BF40062A1DF /* Main.storyboard */ = {
			isa = PBXVariantGroup;
			children = (
				ED090333213B8BF40062A1DF /* Base */,
			);
			name = Main.storyboard;
			sourceTree = "<group>";
		};
		ED09033A213B8BF70062A1DF /* LaunchScreen.storyboard */ = {
			isa = PBXVariantGroup;
			children = (
				ED09033B213B8BF70062A1DF /* Base */,
			);
			name = LaunchScreen.storyboard;
			sourceTree = "<group>";
		};
/* End PBXVariantGroup section */

/* Begin XCBuildConfiguration section */
		ED09033E213B8BF70062A1DF /* Debug */ = {
			isa = XCBuildConfiguration;
			buildSettings = {
				ALWAYS_SEARCH_USER_PATHS = NO;
				CLANG_ANALYZER_NONNULL = YES;
				CLANG_ANALYZER_NUMBER_OBJECT_CONVERSION = YES_AGGRESSIVE;
				CLANG_CXX_LANGUAGE_STANDARD = "gnu++14";
				CLANG_CXX_LIBRARY = "libc++";
				CLANG_ENABLE_MODULES = YES;
				CLANG_ENABLE_OBJC_ARC = YES;
				CLANG_ENABLE_OBJC_WEAK = YES;
				CLANG_WARN_BLOCK_CAPTURE_AUTORELEASING = YES;
				CLANG_WARN_BOOL_CONVERSION = YES;
				CLANG_WARN_COMMA = YES;
				CLANG_WARN_CONSTANT_CONVERSION = YES;
				CLANG_WARN_DEPRECATED_OBJC_IMPLEMENTATIONS = YES;
				CLANG_WARN_DIRECT_OBJC_ISA_USAGE = YES_ERROR;
				CLANG_WARN_DOCUMENTATION_COMMENTS = YES;
				CLANG_WARN_EMPTY_BODY = YES;
				CLANG_WARN_ENUM_CONVERSION = YES;
				CLANG_WARN_INFINITE_RECURSION = YES;
				CLANG_WARN_INT_CONVERSION = YES;
				CLANG_WARN_NON_LITERAL_NULL_CONVERSION = YES;
				CLANG_WARN_OBJC_IMPLICIT_RETAIN_SELF = YES;
				CLANG_WARN_OBJC_LITERAL_CONVERSION = YES;
				CLANG_WARN_OBJC_ROOT_CLASS = YES_ERROR;
				CLANG_WARN_RANGE_LOOP_ANALYSIS = YES;
				CLANG_WARN_STRICT_PROTOTYPES = YES;
				CLANG_WARN_SUSPICIOUS_MOVE = YES;
				CLANG_WARN_UNGUARDED_AVAILABILITY = YES_AGGRESSIVE;
				CLANG_WARN_UNREACHABLE_CODE = YES;
				CLANG_WARN__DUPLICATE_METHOD_MATCH = YES;
				CODE_SIGN_IDENTITY = "iPhone Developer";
				COPY_PHASE_STRIP = NO;
				DEBUG_INFORMATION_FORMAT = dwarf;
				ENABLE_STRICT_OBJC_MSGSEND = YES;
				ENABLE_TESTABILITY = YES;
				GCC_C_LANGUAGE_STANDARD = gnu11;
				GCC_DYNAMIC_NO_PIC = NO;
				GCC_NO_COMMON_BLOCKS = YES;
				GCC_OPTIMIZATION_LEVEL = 0;
				GCC_PREPROCESSOR_DEFINITIONS = (
					"DEBUG=1",
					"$(inherited)",
				);
				GCC_WARN_64_TO_32_BIT_CONVERSION = YES;
				GCC_WARN_ABOUT_RETURN_TYPE = YES_ERROR;
				GCC_WARN_UNDECLARED_SELECTOR = YES;
				GCC_WARN_UNINITIALIZED_AUTOS = YES_AGGRESSIVE;
				GCC_WARN_UNUSED_FUNCTION = YES;
				GCC_WARN_UNUSED_VARIABLE = YES;
				IPHONEOS_DEPLOYMENT_TARGET = 11.4;
				MTL_ENABLE_DEBUG_INFO = YES;
				ONLY_ACTIVE_ARCH = YES;
				SDKROOT = iphoneos;
				SWIFT_ACTIVE_COMPILATION_CONDITIONS = DEBUG;
				SWIFT_OPTIMIZATION_LEVEL = "-Onone";
			};
			name = Debug;
		};
		ED09033F213B8BF70062A1DF /* Release */ = {
			isa = XCBuildConfiguration;
			buildSettings = {
				ALWAYS_SEARCH_USER_PATHS = NO;
				CLANG_ANALYZER_NONNULL = YES;
				CLANG_ANALYZER_NUMBER_OBJECT_CONVERSION = YES_AGGRESSIVE;
				CLANG_CXX_LANGUAGE_STANDARD = "gnu++14";
				CLANG_CXX_LIBRARY = "libc++";
				CLANG_ENABLE_MODULES = YES;
				CLANG_ENABLE_OBJC_ARC = YES;
				CLANG_ENABLE_OBJC_WEAK = YES;
				CLANG_WARN_BLOCK_CAPTURE_AUTORELEASING = YES;
				CLANG_WARN_BOOL_CONVERSION = YES;
				CLANG_WARN_COMMA = YES;
				CLANG_WARN_CONSTANT_CONVERSION = YES;
				CLANG_WARN_DEPRECATED_OBJC_IMPLEMENTATIONS = YES;
				CLANG_WARN_DIRECT_OBJC_ISA_USAGE = YES_ERROR;
				CLANG_WARN_DOCUMENTATION_COMMENTS = YES;
				CLANG_WARN_EMPTY_BODY = YES;
				CLANG_WARN_ENUM_CONVERSION = YES;
				CLANG_WARN_INFINITE_RECURSION = YES;
				CLANG_WARN_INT_CONVERSION = YES;
				CLANG_WARN_NON_LITERAL_NULL_CONVERSION = YES;
				CLANG_WARN_OBJC_IMPLICIT_RETAIN_SELF = YES;
				CLANG_WARN_OBJC_LITERAL_CONVERSION = YES;
				CLANG_WARN_OBJC_ROOT_CLASS = YES_ERROR;
				CLANG_WARN_RANGE_LOOP_ANALYSIS = YES;
				CLANG_WARN_STRICT_PROTOTYPES = YES;
				CLANG_WARN_SUSPICIOUS_MOVE = YES;
				CLANG_WARN_UNGUARDED_AVAILABILITY = YES_AGGRESSIVE;
				CLANG_WARN_UNREACHABLE_CODE = YES;
				CLANG_WARN__DUPLICATE_METHOD_MATCH = YES;
				CODE_SIGN_IDENTITY = "iPhone Developer";
				COPY_PHASE_STRIP = NO;
				DEBUG_INFORMATION_FORMAT = "dwarf-with-dsym";
				ENABLE_NS_ASSERTIONS = NO;
				ENABLE_STRICT_OBJC_MSGSEND = YES;
				GCC_C_LANGUAGE_STANDARD = gnu11;
				GCC_NO_COMMON_BLOCKS = YES;
				GCC_WARN_64_TO_32_BIT_CONVERSION = YES;
				GCC_WARN_ABOUT_RETURN_TYPE = YES_ERROR;
				GCC_WARN_UNDECLARED_SELECTOR = YES;
				GCC_WARN_UNINITIALIZED_AUTOS = YES_AGGRESSIVE;
				GCC_WARN_UNUSED_FUNCTION = YES;
				GCC_WARN_UNUSED_VARIABLE = YES;
				IPHONEOS_DEPLOYMENT_TARGET = 11.4;
				MTL_ENABLE_DEBUG_INFO = NO;
				SDKROOT = iphoneos;
				SWIFT_COMPILATION_MODE = wholemodule;
				SWIFT_OPTIMIZATION_LEVEL = "-O";
				VALIDATE_PRODUCT = YES;
			};
			name = Release;
		};
		ED090341213B8BF70062A1DF /* Debug */ = {
			isa = XCBuildConfiguration;
			buildSettings = {
				ASSETCATALOG_COMPILER_APPICON_NAME = AppIcon;
				CODE_SIGN_STYLE = Automatic;
				DEVELOPMENT_TEAM = X752JDEFHP;
				INFOPLIST_FILE = PushTextview/Info.plist;
				LD_RUNPATH_SEARCH_PATHS = (
					"$(inherited)",
					"@executable_path/Frameworks",
				);
				PRODUCT_BUNDLE_IDENTIFIER = ReactorApps.PushTextview;
				PRODUCT_NAME = "$(TARGET_NAME)";
				SWIFT_VERSION = 4.0;
				TARGETED_DEVICE_FAMILY = "1,2";
			};
			name = Debug;
		};
		ED090342213B8BF70062A1DF /* Release */ = {
			isa = XCBuildConfiguration;
			buildSettings = {
				ASSETCATALOG_COMPILER_APPICON_NAME = AppIcon;
				CODE_SIGN_STYLE = Automatic;
				DEVELOPMENT_TEAM = X752JDEFHP;
				INFOPLIST_FILE = PushTextview/Info.plist;
				LD_RUNPATH_SEARCH_PATHS = (
					"$(inherited)",
					"@executable_path/Frameworks",
				);
				PRODUCT_BUNDLE_IDENTIFIER = ReactorApps.PushTextview;
				PRODUCT_NAME = "$(TARGET_NAME)";
				SWIFT_VERSION = 4.0;
				TARGETED_DEVICE_FAMILY = "1,2";
			};
			name = Release;
		};
/* End XCBuildConfiguration section */

/* Begin XCConfigurationList section */
		ED090326213B8BF40062A1DF /* Build configuration list for PBXProject "PushTextview" */ = {
			isa = XCConfigurationList;
			buildConfigurations = (
				ED09033E213B8BF70062A1DF /* Debug */,
				ED09033F213B8BF70062A1DF /* Release */,
			);
			defaultConfigurationIsVisible = 0;
			defaultConfigurationName = Release;
		};
		ED090340213B8BF70062A1DF /* Build configuration list for PBXNativeTarget "PushTextview" */ = {
			isa = XCConfigurationList;
			buildConfigurations = (
				ED090341213B8BF70062A1DF /* Debug */,
				ED090342213B8BF70062A1DF /* Release */,
			);
			defaultConfigurationIsVisible = 0;
			defaultConfigurationName = Release;
		};
/* End XCConfigurationList section */

/* Begin XCVersionGroup section */
		ED090335213B8BF40062A1DF /* PushTextview.xcdatamodeld */ = {
			isa = XCVersionGroup;
			children = (
				ED090336213B8BF40062A1DF /* PushTextview.xcdatamodel */,
			);
			currentVersion = ED090336213B8BF40062A1DF /* PushTextview.xcdatamodel */;
			path = PushTextview.xcdatamodeld;
			sourceTree = "<group>";
			versionGroupType = wrapper.xcdatamodel;
		};
/* End XCVersionGroup section */
	};
	rootObject = ED090323213B8BF40062A1DF /* Project object */;
}
